
Microsoft Visual Studio Solution File, Format Version 12.00
# Visual Studio Version 16
VisualStudioVersion = 16.0.31005.135
MinimumVisualStudioVersion = 10.0.40219.1
Project("{FAE04EC0-301F-11D3-BF4B-00C04F79EFBC}") = "my-books", "my-books\my-books.csproj", "{439F4B91-B036-4BE0-B5AD-B480CF6B37D7}"
EndProject
Global
	GlobalSection(SolutionConfigurationPlatforms) = preSolution
		Debug|Any CPU = Debug|Any CPU
		Release|Any CPU = Release|Any CPU
	EndGlobalSection
	GlobalSection(ProjectConfigurationPlatforms) = postSolution
		{439F4B91-B036-4BE0-B5AD-B480CF6B37D7}.Debug|Any CPU.ActiveCfg = Debug|Any CPU
		{439F4B91-B036-4BE0-B5AD-B480CF6B37D7}.Debug|Any CPU.Build.0 = Debug|Any CPU
		{439F4B91-B036-4BE0-B5AD-B480CF6B37D7}.Release|Any CPU.ActiveCfg = Release|Any CPU
		{439F4B91-B036-4BE0-B5AD-B480CF6B37D7}.Release|Any CPU.Build.0 = Release|Any CPU
	EndGlobalSection
	GlobalSection(SolutionProperties) = preSolution
		HideSolutionNode = FALSE
	EndGlobalSection
	GlobalSection(ExtensibilityGlobals) = postSolution
		SolutionGuid = {6BCE0F47-7F6D-4891-8392-13C0146B648E}
	EndGlobalSection
EndGlobal
